
Microsoft Visual Studio Solution File, Format Version 12.00
# Visual Studio Version 17
VisualStudioVersion = 17.11.35219.272
MinimumVisualStudioVersion = 10.0.40219.1
Project("{FAE04EC0-301F-11D3-BF4B-00C04F79EFBC}") = "BSClient", "BSClient.csproj", "{626CEE0B-DA43-49BD-A950-FCC2B486C4E6}"
EndProject
Global
	GlobalSection(SolutionConfigurationPlatforms) = preSolution
		Debug|Any CPU = Debug|Any CPU
		Release|Any CPU = Release|Any CPU
	EndGlobalSection
	GlobalSection(ProjectConfigurationPlatforms) = postSolution
		{626CEE0B-DA43-49BD-A950-FCC2B486C4E6}.Debug|Any CPU.ActiveCfg = Debug|Any CPU
		{626CEE0B-DA43-49BD-A950-FCC2B486C4E6}.Debug|Any CPU.Build.0 = Debug|Any CPU
		{626CEE0B-DA43-49BD-A950-FCC2B486C4E6}.Debug|Any CPU.Deploy.0 = Debug|Any CPU
		{626CEE0B-DA43-49BD-A950-FCC2B486C4E6}.Release|Any CPU.ActiveCfg = Release|Any CPU
		{626CEE0B-DA43-49BD-A950-FCC2B486C4E6}.Release|Any CPU.Build.0 = Release|Any CPU
		{626CEE0B-DA43-49BD-A950-FCC2B486C4E6}.Release|Any CPU.Deploy.0 = Release|Any CPU
	EndGlobalSection
	GlobalSection(SolutionProperties) = preSolution
		HideSolutionNode = FALSE
	EndGlobalSection
	GlobalSection(ExtensibilityGlobals) = postSolution
		SolutionGuid = {78BE3FA1-D9F7-4F37-838B-EFAFB4FB6FEE}
	EndGlobalSection
EndGlobal
